
Microsoft Visual Studio Solution File, Format Version 12.00
# Visual Studio Version 16
VisualStudioVersion = 16.0.29215.179
MinimumVisualStudioVersion = 10.0.40219.1
Project("{FAE04EC0-301F-11D3-BF4B-00C04F79EFBC}") = "Game", "Game.csproj", "{CF45B159-5AE8-4B51-A6A2-6CDDB3A0FDD2}"
EndProject
Global
	GlobalSection(SolutionConfigurationPlatforms) = preSolution
		Debug|Any CPU = Debug|Any CPU
		Release|Any CPU = Release|Any CPU
	EndGlobalSection
	GlobalSection(ProjectConfigurationPlatforms) = postSolution
		{CF45B159-5AE8-4B51-A6A2-6CDDB3A0FDD2}.Debug|Any CPU.ActiveCfg = Debug|Any CPU
		{CF45B159-5AE8-4B51-A6A2-6CDDB3A0FDD2}.Debug|Any CPU.Build.0 = Debug|Any CPU
		{CF45B159-5AE8-4B51-A6A2-6CDDB3A0FDD2}.Release|Any CPU.ActiveCfg = Release|Any CPU
		{CF45B159-5AE8-4B51-A6A2-6CDDB3A0FDD2}.Release|Any CPU.Build.0 = Release|Any CPU
	EndGlobalSection
	GlobalSection(SolutionProperties) = preSolution
		HideSolutionNode = FALSE
	EndGlobalSection
	GlobalSection(ExtensibilityGlobals) = postSolution
		SolutionGuid = {C406B43E-4422-48A4-B876-971A1317D34A}
	EndGlobalSection
EndGlobal
